{
    "_meta": {
        "hash": {
            "sha256": "7e8ad3d0508bf0c279a648ee7a1873fc16334cf0b711f30b2dc54a1da68fef6c"
        },
        "pipfile-spec": 6,
        "requires": {
            "python_version": "3.12"
        },
        "sources": [
            {
                "name": "pypi",
                "url": "https://pypi.org/socketsecurity",
                "verify_ssl": true
            }
        ]
    },
    "default": {},
    "develop": {}
}
